// !$*UTF8*$!
{
	archiveVersion = 1;
	classes = {
	};
	objectVersion = 77;
	objects = {

/* Begin PBXBuildFile section */
		6706BE242F6F3C93007E320C /* AddPointView.swift in Sources */ = {isa = PBXBuildFile; fileRef = 6706BE152F6F3C93007E320C /* AddPointView.swift */; };
		6706BE252F6F3C93007E320C /* CompassDialView.swift in Sources */ = {isa = PBXBuildFile; fileRef = 6706BE172F6F3C93007E320C /* CompassDialView.swift */; };
		6706BE262F6F3C93007E320C /* CompassManager.swift in Sources */ = {isa = PBXBuildFile; fileRef = 6706BE182F6F3C93007E320C /* CompassManager.swift */; };
		6706BE272F6F3C93007E320C /* CompassStyle.swift in Sources */ = {isa = PBXBuildFile; fileRef = 6706BE192F6F3C93007E320C /* CompassStyle.swift */; };
		6706BE282F6F3C93007E320C /* CompassView.swift in Sources */ = {isa = PBXBuildFile; fileRef = 6706BE1A2F6F3C93007E320C /* CompassView.swift */; };
		6706BE292F6F3C93007E320C /* DesignPickerView.swift in Sources */ = {isa = PBXBuildFile; fileRef = 6706BE1B2F6F3C93007E320C /* DesignPickerView.swift */; };
		6706BE2A2F6F3C93007E320C /* Location+Bearing.swift in Sources */ = {isa = PBXBuildFile; fileRef = 6706BE1D2F6F3C93007E320C /* Location+Bearing.swift */; };
		6706BE2B2F6F3C93007E320C /* POICard.swift in Sources */ = {isa = PBXBuildFile; fileRef = 6706BE1E2F6F3C93007E320C /* POICard.swift */; };
		6706BE2C2F6F3C93007E320C /* POINeedle.swift in Sources */ = {isa = PBXBuildFile; fileRef = 6706BE1F2F6F3C93007E320C /* POINeedle.swift */; };
		6706BE2D2F6F3C93007E320C /* PointOfInterest.swift in Sources */ = {isa = PBXBuildFile; fileRef = 6706BE202F6F3C93007E320C /* PointOfInterest.swift */; };
		6706BE2E2F6F3C93007E320C /* qiblaApp.swift in Sources */ = {isa = PBXBuildFile; fileRef = 6706BE212F6F3C93007E320C /* qiblaApp.swift */; };
		6706BE2F2F6F3C93007E320C /* SplashScreenView.swift in Sources */ = {isa = PBXBuildFile; fileRef = 6706BE222F6F3C93007E320C /* SplashScreenView.swift */; };
		6706BE302F6F3C93007E320C /* Assets.xcassets in Resources */ = {isa = PBXBuildFile; fileRef = 6706BE162F6F3C93007E320C /* Assets.xcassets */; };
		6706BE432F6F4417007E320C /* AppTab.swift in Sources */ = {isa = PBXBuildFile; fileRef = 6706BE422F6F4414007E320C /* AppTab.swift */; };
		6706BE472F6F446A007E320C /* MainTabView.swift in Sources */ = {isa = PBXBuildFile; fileRef = 6706BE462F6F4465007E320C /* MainTabView.swift */; };
		6706BE4B2F6F451B007E320C /* AdhanView.swift in Sources */ = {isa = PBXBuildFile; fileRef = 6706BE4A2F6F451B007E320C /* AdhanView.swift */; };
		67606A9B2F70987A005828C5 /* Moonsighting.swift in Sources */ = {isa = PBXBuildFile; fileRef = 67606A9A2F70987A005828C5 /* Moonsighting.swift */; };
		677564A82F6F4D7300CEAAA4 /* AstroEngine.swift in Sources */ = {isa = PBXBuildFile; fileRef = 677564A72F6F4D7000CEAAA4 /* AstroEngine.swift */; };
		677564AC2F6F50D500CEAAA4 /* Color.swift in Sources */ = {isa = PBXBuildFile; fileRef = 677564AB2F6F50D200CEAAA4 /* Color.swift */; };
		677564AE2F6F62B400CEAAA4 /* LocationPrayerService.swift in Sources */ = {isa = PBXBuildFile; fileRef = 677564AD2F6F62B400CEAAA4 /* LocationPrayerService.swift */; };
		677564B02F7090AA00CEAAA4 /* PrayerRow.swift in Sources */ = {isa = PBXBuildFile; fileRef = 677564AF2F7090AA00CEAAA4 /* PrayerRow.swift */; };
/* End PBXBuildFile section */

/* Begin PBXContainerItemProxy section */
		67CD5EE72EFEFF340007A6F8 /* PBXContainerItemProxy */ = {
			isa = PBXContainerItemProxy;
			containerPortal = 67CD5ECF2EFEFF320007A6F8 /* Project object */;
			proxyType = 1;
			remoteGlobalIDString = 67CD5ED62EFEFF320007A6F8;
			remoteInfo = qibla;
		};
		67CD5EF12EFEFF340007A6F8 /* PBXContainerItemProxy */ = {
			isa = PBXContainerItemProxy;
			containerPortal = 67CD5ECF2EFEFF320007A6F8 /* Project object */;
			proxyType = 1;
			remoteGlobalIDString = 67CD5ED62EFEFF320007A6F8;
			remoteInfo = qibla;
		};
/* End PBXContainerItemProxy section */

/* Begin PBXFileReference section */
		6706BE152F6F3C93007E320C /* AddPointView.swift */ = {isa = PBXFileReference; lastKnownFileType = sourcecode.swift; path = AddPointView.swift; sourceTree = "<group>"; };
		6706BE162F6F3C93007E320C /* Assets.xcassets */ = {isa = PBXFileReference; lastKnownFileType = folder.assetcatalog; path = Assets.xcassets; sourceTree = "<group>"; };
		6706BE172F6F3C93007E320C /* CompassDialView.swift */ = {isa = PBXFileReference; lastKnownFileType = sourcecode.swift; path = CompassDialView.swift; sourceTree = "<group>"; };
		6706BE182F6F3C93007E320C /* CompassManager.swift */ = {isa = PBXFileReference; lastKnownFileType = sourcecode.swift; path = CompassManager.swift; sourceTree = "<group>"; };
		6706BE192F6F3C93007E320C /* CompassStyle.swift */ = {isa = PBXFileReference; lastKnownFileType = sourcecode.swift; path = CompassStyle.swift; sourceTree = "<group>"; };
		6706BE1A2F6F3C93007E320C /* CompassView.swift */ = {isa = PBXFileReference; lastKnownFileType = sourcecode.swift; path = CompassView.swift; sourceTree = "<group>"; };
		6706BE1B2F6F3C93007E320C /* DesignPickerView.swift */ = {isa = PBXFileReference; lastKnownFileType = sourcecode.swift; path = DesignPickerView.swift; sourceTree = "<group>"; };
		6706BE1C2F6F3C93007E320C /* Info.plist */ = {isa = PBXFileReference; lastKnownFileType = text.plist.xml; path = Info.plist; sourceTree = "<group>"; };
		6706BE1D2F6F3C93007E320C /* Location+Bearing.swift */ = {isa = PBXFileReference; lastKnownFileType = sourcecode.swift; path = "Location+Bearing.swift"; sourceTree = "<group>"; };
		6706BE1E2F6F3C93007E320C /* POICard.swift */ = {isa = PBXFileReference; lastKnownFileType = sourcecode.swift; path = POICard.swift; sourceTree = "<group>"; };
		6706BE1F2F6F3C93007E320C /* POINeedle.swift */ = {isa = PBXFileReference; lastKnownFileType = sourcecode.swift; path = POINeedle.swift; sourceTree = "<group>"; };
		6706BE202F6F3C93007E320C /* PointOfInterest.swift */ = {isa = PBXFileReference; lastKnownFileType = sourcecode.swift; path = PointOfInterest.swift; sourceTree = "<group>"; };
		6706BE212F6F3C93007E320C /* qiblaApp.swift */ = {isa = PBXFileReference; lastKnownFileType = sourcecode.swift; path = qiblaApp.swift; sourceTree = "<group>"; };
		6706BE222F6F3C93007E320C /* SplashScreenView.swift */ = {isa = PBXFileReference; lastKnownFileType = sourcecode.swift; path = SplashScreenView.swift; sourceTree = "<group>"; };
		6706BE422F6F4414007E320C /* AppTab.swift */ = {isa = PBXFileReference; lastKnownFileType = sourcecode.swift; path = AppTab.swift; sourceTree = "<group>"; };
		6706BE462F6F4465007E320C /* MainTabView.swift */ = {isa = PBXFileReference; lastKnownFileType = sourcecode.swift; path = MainTabView.swift; sourceTree = "<group>"; };
		6706BE4A2F6F451B007E320C /* AdhanView.swift */ = {isa = PBXFileReference; lastKnownFileType = sourcecode.swift; path = AdhanView.swift; sourceTree = "<group>"; };
		67606A9A2F70987A005828C5 /* Moonsighting.swift */ = {isa = PBXFileReference; lastKnownFileType = sourcecode.swift; path = Moonsighting.swift; sourceTree = "<group>"; };
		677564A72F6F4D7000CEAAA4 /* AstroEngine.swift */ = {isa = PBXFileReference; lastKnownFileType = sourcecode.swift; path = AstroEngine.swift; sourceTree = "<group>"; };
		677564AB2F6F50D200CEAAA4 /* Color.swift */ = {isa = PBXFileReference; lastKnownFileType = sourcecode.swift; path = Color.swift; sourceTree = "<group>"; };
		677564AD2F6F62B400CEAAA4 /* LocationPrayerService.swift */ = {isa = PBXFileReference; lastKnownFileType = sourcecode.swift; path = LocationPrayerService.swift; sourceTree = "<group>"; };
		677564AF2F7090AA00CEAAA4 /* PrayerRow.swift */ = {isa = PBXFileReference; lastKnownFileType = sourcecode.swift; path = PrayerRow.swift; sourceTree = "<group>"; };
		67CD5ED72EFEFF320007A6F8 /* qibla.app */ = {isa = PBXFileReference; explicitFileType = wrapper.application; includeInIndex = 0; path = qibla.app; sourceTree = BUILT_PRODUCTS_DIR; };
		67CD5EE62EFEFF340007A6F8 /* qiblaTests.xctest */ = {isa = PBXFileReference; explicitFileType = wrapper.cfbundle; includeInIndex = 0; path = qiblaTests.xctest; sourceTree = BUILT_PRODUCTS_DIR; };
		67CD5EF02EFEFF340007A6F8 /* qiblaUITests.xctest */ = {isa = PBXFileReference; explicitFileType = wrapper.cfbundle; includeInIndex = 0; path = qiblaUITests.xctest; sourceTree = BUILT_PRODUCTS_DIR; };
/* End PBXFileReference section */

/* Begin PBXFileSystemSynchronizedRootGroup section */
		67CD5EE92EFEFF340007A6F8 /* qiblaTests */ = {
			isa = PBXFileSystemSynchronizedRootGroup;
			path = qiblaTests;
			sourceTree = "<group>";
		};
		67CD5EF32EFEFF340007A6F8 /* qiblaUITests */ = {
			isa = PBXFileSystemSynchronizedRootGroup;
			path = qiblaUITests;
			sourceTree = "<group>";
		};
/* End PBXFileSystemSynchronizedRootGroup section */

/* Begin PBXFrameworksBuildPhase section */
		67CD5ED42EFEFF320007A6F8 /* Frameworks */ = {
			isa = PBXFrameworksBuildPhase;
			buildActionMask = 2147483647;
			files = (
			);
			runOnlyForDeploymentPostprocessing = 0;
		};
		67CD5EE32EFEFF340007A6F8 /* Frameworks */ = {
			isa = PBXFrameworksBuildPhase;
			buildActionMask = 2147483647;
			files = (
			);
			runOnlyForDeploymentPostprocessing = 0;
		};
		67CD5EED2EFEFF340007A6F8 /* Frameworks */ = {
			isa = PBXFrameworksBuildPhase;
			buildActionMask = 2147483647;
			files = (
			);
			runOnlyForDeploymentPostprocessing = 0;
		};
/* End PBXFrameworksBuildPhase section */

/* Begin PBXGroup section */
		6706BE232F6F3C93007E320C /* qibla */ = {
			isa = PBXGroup;
			children = (
				6706BE402F6F3DB5007E320C /* UIComponents */,
				6706BE3A2F6F3D18007E320C /* Features */,
				6706BE372F6F3CF9007E320C /* Data */,
				6706BE332F6F3CC0007E320C /* Core */,
				6706BE162F6F3C93007E320C /* Assets.xcassets */,
				6706BE322F6F3CAE007E320C /* App */,
				6706BE1C2F6F3C93007E320C /* Info.plist */,
			);
			path = qibla;
			sourceTree = "<group>";
		};
		6706BE322F6F3CAE007E320C /* App */ = {
			isa = PBXGroup;
			children = (
				6706BE212F6F3C93007E320C /* qiblaApp.swift */,
			);
			path = App;
			sourceTree = "<group>";
		};
		6706BE332F6F3CC0007E320C /* Core */ = {
			isa = PBXGroup;
			children = (
				6706BE362F6F3CE9007E320C /* Themes */,
				6706BE352F6F3CDF007E320C /* Utils */,
				6706BE342F6F3CCC007E320C /* Extensions */,
			);
			path = Core;
			sourceTree = "<group>";
		};
		6706BE342F6F3CCC007E320C /* Extensions */ = {
			isa = PBXGroup;
			children = (
				677564AB2F6F50D200CEAAA4 /* Color.swift */,
			);
			path = Extensions;
			sourceTree = "<group>";
		};
		6706BE352F6F3CDF007E320C /* Utils */ = {
			isa = PBXGroup;
			children = (
				6706BE182F6F3C93007E320C /* CompassManager.swift */,
			);
			path = Utils;
			sourceTree = "<group>";
		};
		6706BE362F6F3CE9007E320C /* Themes */ = {
			isa = PBXGroup;
			children = (
				6706BE192F6F3C93007E320C /* CompassStyle.swift */,
			);
			path = Themes;
			sourceTree = "<group>";
		};
		6706BE372F6F3CF9007E320C /* Data */ = {
			isa = PBXGroup;
			children = (
				6706BE392F6F3D0C007E320C /* Services */,
				6706BE382F6F3D01007E320C /* Models */,
			);
			path = Data;
			sourceTree = "<group>";
		};
		6706BE382F6F3D01007E320C /* Models */ = {
			isa = PBXGroup;
			children = (
				6706BE422F6F4414007E320C /* AppTab.swift */,
				6706BE202F6F3C93007E320C /* PointOfInterest.swift */,
			);
			path = Models;
			sourceTree = "<group>";
		};
		6706BE392F6F3D0C007E320C /* Services */ = {
			isa = PBXGroup;
			children = (
				67606A9A2F70987A005828C5 /* Moonsighting.swift */,
				677564AD2F6F62B400CEAAA4 /* LocationPrayerService.swift */,
				677564A72F6F4D7000CEAAA4 /* AstroEngine.swift */,
			);
			path = Services;
			sourceTree = "<group>";
		};
		6706BE3A2F6F3D18007E320C /* Features */ = {
			isa = PBXGroup;
			children = (
				6706BE482F6F4507007E320C /* Adhan */,
				6706BE442F6F444A007E320C /* Main */,
				6706BE3F2F6F3DA5007E320C /* PointManagement */,
				6706BE3E2F6F3D89007E320C /* Onboarding */,
				6706BE3B2F6F3D37007E320C /* Compass */,
			);
			path = Features;
			sourceTree = "<group>";
		};
		6706BE3B2F6F3D37007E320C /* Compass */ = {
			isa = PBXGroup;
			children = (
				6706BE3D2F6F3D5B007E320C /* ViewModel */,
				6706BE3C2F6F3D52007E320C /* Views */,
			);
			path = Compass;
			sourceTree = "<group>";
		};
		6706BE3C2F6F3D52007E320C /* Views */ = {
			isa = PBXGroup;
			children = (
				6706BE172F6F3C93007E320C /* CompassDialView.swift */,
				6706BE1F2F6F3C93007E320C /* POINeedle.swift */,
				6706BE1A2F6F3C93007E320C /* CompassView.swift */,
			);
			path = Views;
			sourceTree = "<group>";
		};
		6706BE3D2F6F3D5B007E320C /* ViewModel */ = {
			isa = PBXGroup;
			children = (
			);
			path = ViewModel;
			sourceTree = "<group>";
		};
		6706BE3E2F6F3D89007E320C /* Onboarding */ = {
			isa = PBXGroup;
			children = (
				6706BE222F6F3C93007E320C /* SplashScreenView.swift */,
			);
			path = Onboarding;
			sourceTree = "<group>";
		};
		6706BE3F2F6F3DA5007E320C /* PointManagement */ = {
			isa = PBXGroup;
			children = (
				6706BE1D2F6F3C93007E320C /* Location+Bearing.swift */,
				6706BE1E2F6F3C93007E320C /* POICard.swift */,
				6706BE1B2F6F3C93007E320C /* DesignPickerView.swift */,
				6706BE152F6F3C93007E320C /* AddPointView.swift */,
			);
			path = PointManagement;
			sourceTree = "<group>";
		};
		6706BE402F6F3DB5007E320C /* UIComponents */ = {
			isa = PBXGroup;
			children = (
				6706BE412F6F3DC6007E320C /* Buttons */,
			);
			path = UIComponents;
			sourceTree = "<group>";
		};
		6706BE412F6F3DC6007E320C /* Buttons */ = {
			isa = PBXGroup;
			children = (
			);
			path = Buttons;
			sourceTree = "<group>";
		};
		6706BE442F6F444A007E320C /* Main */ = {
			isa = PBXGroup;
			children = (
				6706BE452F6F445A007E320C /* Views */,
			);
			path = Main;
			sourceTree = "<group>";
		};
		6706BE452F6F445A007E320C /* Views */ = {
			isa = PBXGroup;
			children = (
				6706BE462F6F4465007E320C /* MainTabView.swift */,
			);
			path = Views;
			sourceTree = "<group>";
		};
		6706BE482F6F4507007E320C /* Adhan */ = {
			isa = PBXGroup;
			children = (
				6706BE492F6F4510007E320C /* Views */,
			);
			path = Adhan;
			sourceTree = "<group>";
		};
		6706BE492F6F4510007E320C /* Views */ = {
			isa = PBXGroup;
			children = (
				677564AF2F7090AA00CEAAA4 /* PrayerRow.swift */,
				6706BE4A2F6F451B007E320C /* AdhanView.swift */,
			);
			path = Views;
			sourceTree = "<group>";
		};
		67CD5ECE2EFEFF320007A6F8 = {
			isa = PBXGroup;
			children = (
				6706BE232F6F3C93007E320C /* qibla */,
				67CD5EE92EFEFF340007A6F8 /* qiblaTests */,
				67CD5EF32EFEFF340007A6F8 /* qiblaUITests */,
				67CD5ED82EFEFF320007A6F8 /* Products */,
			);
			sourceTree = "<group>";
		};
		67CD5ED82EFEFF320007A6F8 /* Products */ = {
			isa = PBXGroup;
			children = (
				67CD5ED72EFEFF320007A6F8 /* qibla.app */,
				67CD5EE62EFEFF340007A6F8 /* qiblaTests.xctest */,
				67CD5EF02EFEFF340007A6F8 /* qiblaUITests.xctest */,
			);
			name = Products;
			sourceTree = "<group>";
		};
/* End PBXGroup section */

/* Begin PBXNativeTarget section */
		67CD5ED62EFEFF320007A6F8 /* qibla */ = {
			isa = PBXNativeTarget;
			buildConfigurationList = 67CD5EFA2EFEFF340007A6F8 /* Build configuration list for PBXNativeTarget "qibla" */;
			buildPhases = (
				67CD5ED32EFEFF320007A6F8 /* Sources */,
				67CD5ED42EFEFF320007A6F8 /* Frameworks */,
				67CD5ED52EFEFF320007A6F8 /* Resources */,
			);
			buildRules = (
			);
			dependencies = (
			);
			name = qibla;
			packageProductDependencies = (
			);
			productName = qibla;
			productReference = 67CD5ED72EFEFF320007A6F8 /* qibla.app */;
			productType = "com.apple.product-type.application";
		};
		67CD5EE52EFEFF340007A6F8 /* qiblaTests */ = {
			isa = PBXNativeTarget;
			buildConfigurationList = 67CD5EFD2EFEFF340007A6F8 /* Build configuration list for PBXNativeTarget "qiblaTests" */;
			buildPhases = (
				67CD5EE22EFEFF340007A6F8 /* Sources */,
				67CD5EE32EFEFF340007A6F8 /* Frameworks */,
				67CD5EE42EFEFF340007A6F8 /* Resources */,
			);
			buildRules = (
			);
			dependencies = (
				67CD5EE82EFEFF340007A6F8 /* PBXTargetDependency */,
			);
			fileSystemSynchronizedGroups = (
				67CD5EE92EFEFF340007A6F8 /* qiblaTests */,
			);
			name = qiblaTests;
			packageProductDependencies = (
			);
			productName = qiblaTests;
			productReference = 67CD5EE62EFEFF340007A6F8 /* qiblaTests.xctest */;
			productType = "com.apple.product-type.bundle.unit-test";
		};
		67CD5EEF2EFEFF340007A6F8 /* qiblaUITests */ = {
			isa = PBXNativeTarget;
			buildConfigurationList = 67CD5F002EFEFF340007A6F8 /* Build configuration list for PBXNativeTarget "qiblaUITests" */;
			buildPhases = (
				67CD5EEC2EFEFF340007A6F8 /* Sources */,
				67CD5EED2EFEFF340007A6F8 /* Frameworks */,
				67CD5EEE2EFEFF340007A6F8 /* Resources */,
			);
			buildRules = (
			);
			dependencies = (
				67CD5EF22EFEFF340007A6F8 /* PBXTargetDependency */,
			);
			fileSystemSynchronizedGroups = (
				67CD5EF32EFEFF340007A6F8 /* qiblaUITests */,
			);
			name = qiblaUITests;
			packageProductDependencies = (
			);
			productName = qiblaUITests;
			productReference = 67CD5EF02EFEFF340007A6F8 /* qiblaUITests.xctest */;
			productType = "com.apple.product-type.bundle.ui-testing";
		};
/* End PBXNativeTarget section */

/* Begin PBXProject section */
		67CD5ECF2EFEFF320007A6F8 /* Project object */ = {
			isa = PBXProject;
			attributes = {
				BuildIndependentTargetsInParallel = 1;
				LastSwiftUpdateCheck = 2620;
				LastUpgradeCheck = 2630;
				TargetAttributes = {
					67CD5ED62EFEFF320007A6F8 = {
						CreatedOnToolsVersion = 26.2;
					};
					67CD5EE52EFEFF340007A6F8 = {
						CreatedOnToolsVersion = 26.2;
						TestTargetID = 67CD5ED62EFEFF320007A6F8;
					};
					67CD5EEF2EFEFF340007A6F8 = {
						CreatedOnToolsVersion = 26.2;
						TestTargetID = 67CD5ED62EFEFF320007A6F8;
					};
				};
			};
			buildConfigurationList = 67CD5ED22EFEFF320007A6F8 /* Build configuration list for PBXProject "qibla" */;
			developmentRegion = en;
			hasScannedForEncodings = 0;
			knownRegions = (
				en,
				Base,
			);
			mainGroup = 67CD5ECE2EFEFF320007A6F8;
			minimizedProjectReferenceProxies = 1;
			preferredProjectObjectVersion = 77;
			productRefGroup = 67CD5ED82EFEFF320007A6F8 /* Products */;
			projectDirPath = "";
			projectRoot = "";
			targets = (
				67CD5ED62EFEFF320007A6F8 /* qibla */,
				67CD5EE52EFEFF340007A6F8 /* qiblaTests */,
				67CD5EEF2EFEFF340007A6F8 /* qiblaUITests */,
			);
		};
/* End PBXProject section */

/* Begin PBXResourcesBuildPhase section */
		67CD5ED52EFEFF320007A6F8 /* Resources */ = {
			isa = PBXResourcesBuildPhase;
			buildActionMask = 2147483647;
			files = (
				6706BE302F6F3C93007E320C /* Assets.xcassets in Resources */,
			);
			runOnlyForDeploymentPostprocessing = 0;
		};
		67CD5EE42EFEFF340007A6F8 /* Resources */ = {
			isa = PBXResourcesBuildPhase;
			buildActionMask = 2147483647;
			files = (
			);
			runOnlyForDeploymentPostprocessing = 0;
		};
		67CD5EEE2EFEFF340007A6F8 /* Resources */ = {
			isa = PBXResourcesBuildPhase;
			buildActionMask = 2147483647;
			files = (
			);
			runOnlyForDeploymentPostprocessing = 0;
		};
/* End PBXResourcesBuildPhase section */

/* Begin PBXSourcesBuildPhase section */
		67CD5ED32EFEFF320007A6F8 /* Sources */ = {
			isa = PBXSourcesBuildPhase;
			buildActionMask = 2147483647;
			files = (
				6706BE242F6F3C93007E320C /* AddPointView.swift in Sources */,
				6706BE252F6F3C93007E320C /* CompassDialView.swift in Sources */,
				6706BE262F6F3C93007E320C /* CompassManager.swift in Sources */,
				677564B02F7090AA00CEAAA4 /* PrayerRow.swift in Sources */,
				6706BE272F6F3C93007E320C /* CompassStyle.swift in Sources */,
				677564AC2F6F50D500CEAAA4 /* Color.swift in Sources */,
				6706BE4B2F6F451B007E320C /* AdhanView.swift in Sources */,
				67606A9B2F70987A005828C5 /* Moonsighting.swift in Sources */,
				6706BE282F6F3C93007E320C /* CompassView.swift in Sources */,
				6706BE292F6F3C93007E320C /* DesignPickerView.swift in Sources */,
				6706BE2A2F6F3C93007E320C /* Location+Bearing.swift in Sources */,
				6706BE2B2F6F3C93007E320C /* POICard.swift in Sources */,
				6706BE2C2F6F3C93007E320C /* POINeedle.swift in Sources */,
				6706BE2D2F6F3C93007E320C /* PointOfInterest.swift in Sources */,
				677564A82F6F4D7300CEAAA4 /* AstroEngine.swift in Sources */,
				6706BE2E2F6F3C93007E320C /* qiblaApp.swift in Sources */,
				6706BE472F6F446A007E320C /* MainTabView.swift in Sources */,
				677564AE2F6F62B400CEAAA4 /* LocationPrayerService.swift in Sources */,
				6706BE2F2F6F3C93007E320C /* SplashScreenView.swift in Sources */,
				6706BE432F6F4417007E320C /* AppTab.swift in Sources */,
			);
			runOnlyForDeploymentPostprocessing = 0;
		};
		67CD5EE22EFEFF340007A6F8 /* Sources */ = {
			isa = PBXSourcesBuildPhase;
			buildActionMask = 2147483647;
			files = (
			);
			runOnlyForDeploymentPostprocessing = 0;
		};
		67CD5EEC2EFEFF340007A6F8 /* Sources */ = {
			isa = PBXSourcesBuildPhase;
			buildActionMask = 2147483647;
			files = (
			);
			runOnlyForDeploymentPostprocessing = 0;
		};
/* End PBXSourcesBuildPhase section */

/* Begin PBXTargetDependency section */
		67CD5EE82EFEFF340007A6F8 /* PBXTargetDependency */ = {
			isa = PBXTargetDependency;
			target = 67CD5ED62EFEFF320007A6F8 /* qibla */;
			targetProxy = 67CD5EE72EFEFF340007A6F8 /* PBXContainerItemProxy */;
		};
		67CD5EF22EFEFF340007A6F8 /* PBXTargetDependency */ = {
			isa = PBXTargetDependency;
			target = 67CD5ED62EFEFF320007A6F8 /* qibla */;
			targetProxy = 67CD5EF12EFEFF340007A6F8 /* PBXContainerItemProxy */;
		};
/* End PBXTargetDependency section */

/* Begin XCBuildConfiguration section */
		67CD5EF82EFEFF340007A6F8 /* Debug */ = {
			isa = XCBuildConfiguration;
			buildSettings = {
				ALWAYS_SEARCH_USER_PATHS = NO;
				ASSETCATALOG_COMPILER_GENERATE_SWIFT_ASSET_SYMBOL_EXTENSIONS = YES;
				CLANG_ANALYZER_NONNULL = YES;
				CLANG_ANALYZER_NUMBER_OBJECT_CONVERSION = YES_AGGRESSIVE;
				CLANG_CXX_LANGUAGE_STANDARD = "gnu++20";
				CLANG_ENABLE_MODULES = YES;
				CLANG_ENABLE_OBJC_ARC = YES;
				CLANG_ENABLE_OBJC_WEAK = YES;
				CLANG_WARN_BLOCK_CAPTURE_AUTORELEASING = YES;
				CLANG_WARN_BOOL_CONVERSION = YES;
				CLANG_WARN_COMMA = YES;
				CLANG_WARN_CONSTANT_CONVERSION = YES;
				CLANG_WARN_DEPRECATED_OBJC_IMPLEMENTATIONS = YES;
				CLANG_WARN_DIRECT_OBJC_ISA_USAGE = YES_ERROR;
				CLANG_WARN_DOCUMENTATION_COMMENTS = YES;
				CLANG_WARN_EMPTY_BODY = YES;
				CLANG_WARN_ENUM_CONVERSION = YES;
				CLANG_WARN_INFINITE_RECURSION = YES;
				CLANG_WARN_INT_CONVERSION = YES;
				CLANG_WARN_NON_LITERAL_NULL_CONVERSION = YES;
				CLANG_WARN_OBJC_IMPLICIT_RETAIN_SELF = YES;
				CLANG_WARN_OBJC_LITERAL_CONVERSION = YES;
				CLANG_WARN_OBJC_ROOT_CLASS = YES_ERROR;
				CLANG_WARN_QUOTED_INCLUDE_IN_FRAMEWORK_HEADER = YES;
				CLANG_WARN_RANGE_LOOP_ANALYSIS = YES;
				CLANG_WARN_STRICT_PROTOTYPES = YES;
				CLANG_WARN_SUSPICIOUS_MOVE = YES;
				CLANG_WARN_UNGUARDED_AVAILABILITY = YES_AGGRESSIVE;
				CLANG_WARN_UNREACHABLE_CODE = YES;
				CLANG_WARN__DUPLICATE_METHOD_MATCH = YES;
				COPY_PHASE_STRIP = NO;
				DEAD_CODE_STRIPPING = YES;
				DEBUG_INFORMATION_FORMAT = dwarf;
				DEVELOPMENT_TEAM = WGF76DKK38;
				ENABLE_STRICT_OBJC_MSGSEND = YES;
				ENABLE_TESTABILITY = YES;
				ENABLE_USER_SCRIPT_SANDBOXING = YES;
				GCC_C_LANGUAGE_STANDARD = gnu17;
				GCC_DYNAMIC_NO_PIC = NO;
				GCC_NO_COMMON_BLOCKS = YES;
				GCC_OPTIMIZATION_LEVEL = 0;
				GCC_PREPROCESSOR_DEFINITIONS = (
					"DEBUG=1",
					"$(inherited)",
				);
				GCC_WARN_64_TO_32_BIT_CONVERSION = YES;
				GCC_WARN_ABOUT_RETURN_TYPE = YES_ERROR;
				GCC_WARN_UNDECLARED_SELECTOR = YES;
				GCC_WARN_UNINITIALIZED_AUTOS = YES_AGGRESSIVE;
				GCC_WARN_UNUSED_FUNCTION = YES;
				GCC_WARN_UNUSED_VARIABLE = YES;
				LOCALIZATION_PREFERS_STRING_CATALOGS = YES;
				MTL_ENABLE_DEBUG_INFO = INCLUDE_SOURCE;
				MTL_FAST_MATH = YES;
				ONLY_ACTIVE_ARCH = YES;
				STRING_CATALOG_GENERATE_SYMBOLS = YES;
				SWIFT_ACTIVE_COMPILATION_CONDITIONS = "DEBUG $(inherited)";
				SWIFT_OPTIMIZATION_LEVEL = "-Onone";
			};
			name = Debug;
		};
		67CD5EF92EFEFF340007A6F8 /* Release */ = {
			isa = XCBuildConfiguration;
			buildSettings = {
				ALWAYS_SEARCH_USER_PATHS = NO;
				ASSETCATALOG_COMPILER_GENERATE_SWIFT_ASSET_SYMBOL_EXTENSIONS = YES;
				CLANG_ANALYZER_NONNULL = YES;
				CLANG_ANALYZER_NUMBER_OBJECT_CONVERSION = YES_AGGRESSIVE;
				CLANG_CXX_LANGUAGE_STANDARD = "gnu++20";
				CLANG_ENABLE_MODULES = YES;
				CLANG_ENABLE_OBJC_ARC = YES;
				CLANG_ENABLE_OBJC_WEAK = YES;
				CLANG_WARN_BLOCK_CAPTURE_AUTORELEASING = YES;
				CLANG_WARN_BOOL_CONVERSION = YES;
				CLANG_WARN_COMMA = YES;
				CLANG_WARN_CONSTANT_CONVERSION = YES;
				CLANG_WARN_DEPRECATED_OBJC_IMPLEMENTATIONS = YES;
				CLANG_WARN_DIRECT_OBJC_ISA_USAGE = YES_ERROR;
				CLANG_WARN_DOCUMENTATION_COMMENTS = YES;
				CLANG_WARN_EMPTY_BODY = YES;
				CLANG_WARN_ENUM_CONVERSION = YES;
				CLANG_WARN_INFINITE_RECURSION = YES;
				CLANG_WARN_INT_CONVERSION = YES;
				CLANG_WARN_NON_LITERAL_NULL_CONVERSION = YES;
				CLANG_WARN_OBJC_IMPLICIT_RETAIN_SELF = YES;
				CLANG_WARN_OBJC_LITERAL_CONVERSION = YES;
				CLANG_WARN_OBJC_ROOT_CLASS = YES_ERROR;
				CLANG_WARN_QUOTED_INCLUDE_IN_FRAMEWORK_HEADER = YES;
				CLANG_WARN_RANGE_LOOP_ANALYSIS = YES;
				CLANG_WARN_STRICT_PROTOTYPES = YES;
				CLANG_WARN_SUSPICIOUS_MOVE = YES;
				CLANG_WARN_UNGUARDED_AVAILABILITY = YES_AGGRESSIVE;
				CLANG_WARN_UNREACHABLE_CODE = YES;
				CLANG_WARN__DUPLICATE_METHOD_MATCH = YES;
				COPY_PHASE_STRIP = NO;
				DEAD_CODE_STRIPPING = YES;
				DEBUG_INFORMATION_FORMAT = "dwarf-with-dsym";
				DEVELOPMENT_TEAM = WGF76DKK38;
				ENABLE_NS_ASSERTIONS = NO;
				ENABLE_STRICT_OBJC_MSGSEND = YES;
				ENABLE_USER_SCRIPT_SANDBOXING = YES;
				GCC_C_LANGUAGE_STANDARD = gnu17;
				GCC_NO_COMMON_BLOCKS = YES;
				GCC_WARN_64_TO_32_BIT_CONVERSION = YES;
				GCC_WARN_ABOUT_RETURN_TYPE = YES_ERROR;
				GCC_WARN_UNDECLARED_SELECTOR = YES;
				GCC_WARN_UNINITIALIZED_AUTOS = YES_AGGRESSIVE;
				GCC_WARN_UNUSED_FUNCTION = YES;
				GCC_WARN_UNUSED_VARIABLE = YES;
				LOCALIZATION_PREFERS_STRING_CATALOGS = YES;
				MTL_ENABLE_DEBUG_INFO = NO;
				MTL_FAST_MATH = YES;
				STRING_CATALOG_GENERATE_SYMBOLS = YES;
				SWIFT_COMPILATION_MODE = wholemodule;
			};
			name = Release;
		};
		67CD5EFB2EFEFF340007A6F8 /* Debug */ = {
			isa = XCBuildConfiguration;
			buildSettings = {
				ASSETCATALOG_COMPILER_APPICON_NAME = AppIcon;
				ASSETCATALOG_COMPILER_GLOBAL_ACCENT_COLOR_NAME = AccentColor;
				ASSETCATALOG_COMPILER_INCLUDE_ALL_APPICON_ASSETS = YES;
				CODE_SIGN_IDENTITY = "Apple Development";
				CODE_SIGN_STYLE = Automatic;
				CURRENT_PROJECT_VERSION = 1;
				DEAD_CODE_STRIPPING = YES;
				DEVELOPMENT_TEAM = WGF76DKK38;
				ENABLE_APP_SANDBOX = YES;
				ENABLE_HARDENED_RUNTIME = YES;
				ENABLE_PREVIEWS = YES;
				ENABLE_USER_SELECTED_FILES = readonly;
				GENERATE_INFOPLIST_FILE = YES;
				INFOPLIST_FILE = qibla/Info.plist;
				INFOPLIST_KEY_CFBundleDisplayName = "Qibla & Me";
				INFOPLIST_KEY_LSApplicationCategoryType = "public.app-category.utilities";
				INFOPLIST_KEY_NSLocationWhenInUseUsageDescription = "When in Use to locate poi";
				"INFOPLIST_KEY_UIApplicationSceneManifest_Generation[sdk=iphoneos*]" = YES;
				"INFOPLIST_KEY_UIApplicationSceneManifest_Generation[sdk=iphonesimulator*]" = YES;
				"INFOPLIST_KEY_UIApplicationSupportsIndirectInputEvents[sdk=iphoneos*]" = YES;
				"INFOPLIST_KEY_UIApplicationSupportsIndirectInputEvents[sdk=iphonesimulator*]" = YES;
				"INFOPLIST_KEY_UILaunchScreen_Generation[sdk=iphoneos*]" = YES;
				"INFOPLIST_KEY_UILaunchScreen_Generation[sdk=iphonesimulator*]" = YES;
				"INFOPLIST_KEY_UIStatusBarStyle[sdk=iphoneos*]" = UIStatusBarStyleDefault;
				"INFOPLIST_KEY_UIStatusBarStyle[sdk=iphonesimulator*]" = UIStatusBarStyleDefault;
				INFOPLIST_KEY_UISupportedInterfaceOrientations_iPad = "UIInterfaceOrientationPortrait UIInterfaceOrientationPortraitUpsideDown UIInterfaceOrientationLandscapeLeft UIInterfaceOrientationLandscapeRight";
				INFOPLIST_KEY_UISupportedInterfaceOrientations_iPhone = "UIInterfaceOrientationPortrait UIInterfaceOrientationLandscapeLeft UIInterfaceOrientationLandscapeRight";
				IPHONEOS_DEPLOYMENT_TARGET = 18.6;
				LD_RUNPATH_SEARCH_PATHS = "@executable_path/Frameworks";
				"LD_RUNPATH_SEARCH_PATHS[sdk=macosx*]" = "@executable_path/../Frameworks";
				MACOSX_DEPLOYMENT_TARGET = 26.2;
				MARKETING_VERSION = 1.0;
				PRODUCT_BUNDLE_IDENTIFIER = io.aminekun90.qibla;
				PRODUCT_NAME = "$(TARGET_NAME)";
				PROVISIONING_PROFILE_SPECIFIER = "";
				REGISTER_APP_GROUPS = YES;
				SDKROOT = auto;
				STRING_CATALOG_GENERATE_SYMBOLS = YES;
				SUPPORTED_PLATFORMS = "iphoneos iphonesimulator";
				SUPPORTS_MACCATALYST = NO;
				SWIFT_APPROACHABLE_CONCURRENCY = YES;
				SWIFT_DEFAULT_ACTOR_ISOLATION = MainActor;
				SWIFT_EMIT_LOC_STRINGS = YES;
				SWIFT_UPCOMING_FEATURE_MEMBER_IMPORT_VISIBILITY = YES;
				SWIFT_VERSION = 5.0;
				TARGETED_DEVICE_FAMILY = "1,2";
				XROS_DEPLOYMENT_TARGET = 26.2;
			};
			name = Debug;
		};
		67CD5EFC2EFEFF340007A6F8 /* Release */ = {
			isa = XCBuildConfiguration;
			buildSettings = {
				ASSETCATALOG_COMPILER_APPICON_NAME = AppIcon;
				ASSETCATALOG_COMPILER_GLOBAL_ACCENT_COLOR_NAME = AccentColor;
				ASSETCATALOG_COMPILER_INCLUDE_ALL_APPICON_ASSETS = YES;
				CODE_SIGN_IDENTITY = "Apple Development";
				CODE_SIGN_STYLE = Automatic;
				CURRENT_PROJECT_VERSION = 1;
				DEAD_CODE_STRIPPING = YES;
				DEVELOPMENT_TEAM = WGF76DKK38;
				ENABLE_APP_SANDBOX = YES;
				ENABLE_HARDENED_RUNTIME = YES;
				ENABLE_PREVIEWS = YES;
				ENABLE_USER_SELECTED_FILES = readonly;
				GENERATE_INFOPLIST_FILE = YES;
				INFOPLIST_FILE = qibla/Info.plist;
				INFOPLIST_KEY_CFBundleDisplayName = "Qibla & Me";
				INFOPLIST_KEY_LSApplicationCategoryType = "public.app-category.utilities";
				INFOPLIST_KEY_NSLocationWhenInUseUsageDescription = "When in Use to locate poi";
				"INFOPLIST_KEY_UIApplicationSceneManifest_Generation[sdk=iphoneos*]" = YES;
				"INFOPLIST_KEY_UIApplicationSceneManifest_Generation[sdk=iphonesimulator*]" = YES;
				"INFOPLIST_KEY_UIApplicationSupportsIndirectInputEvents[sdk=iphoneos*]" = YES;
				"INFOPLIST_KEY_UIApplicationSupportsIndirectInputEvents[sdk=iphonesimulator*]" = YES;
				"INFOPLIST_KEY_UILaunchScreen_Generation[sdk=iphoneos*]" = YES;
				"INFOPLIST_KEY_UILaunchScreen_Generation[sdk=iphonesimulator*]" = YES;
				"INFOPLIST_KEY_UIStatusBarStyle[sdk=iphoneos*]" = UIStatusBarStyleDefault;
				"INFOPLIST_KEY_UIStatusBarStyle[sdk=iphonesimulator*]" = UIStatusBarStyleDefault;
				INFOPLIST_KEY_UISupportedInterfaceOrientations_iPad = "UIInterfaceOrientationPortrait UIInterfaceOrientationPortraitUpsideDown UIInterfaceOrientationLandscapeLeft UIInterfaceOrientationLandscapeRight";
				INFOPLIST_KEY_UISupportedInterfaceOrientations_iPhone = "UIInterfaceOrientationPortrait UIInterfaceOrientationLandscapeLeft UIInterfaceOrientationLandscapeRight";
				IPHONEOS_DEPLOYMENT_TARGET = 18.6;
				LD_RUNPATH_SEARCH_PATHS = "@executable_path/Frameworks";
				"LD_RUNPATH_SEARCH_PATHS[sdk=macosx*]" = "@executable_path/../Frameworks";
				MACOSX_DEPLOYMENT_TARGET = 26.2;
				MARKETING_VERSION = 1.0;
				PRODUCT_BUNDLE_IDENTIFIER = io.aminekun90.qibla;
				PRODUCT_NAME = "$(TARGET_NAME)";
				PROVISIONING_PROFILE_SPECIFIER = "";
				REGISTER_APP_GROUPS = YES;
				SDKROOT = auto;
				STRING_CATALOG_GENERATE_SYMBOLS = YES;
				SUPPORTED_PLATFORMS = "iphoneos iphonesimulator";
				SUPPORTS_MACCATALYST = NO;
				SWIFT_APPROACHABLE_CONCURRENCY = YES;
				SWIFT_DEFAULT_ACTOR_ISOLATION = MainActor;
				SWIFT_EMIT_LOC_STRINGS = YES;
				SWIFT_UPCOMING_FEATURE_MEMBER_IMPORT_VISIBILITY = YES;
				SWIFT_VERSION = 5.0;
				TARGETED_DEVICE_FAMILY = "1,2";
				XROS_DEPLOYMENT_TARGET = 26.2;
			};
			name = Release;
		};
		67CD5EFE2EFEFF340007A6F8 /* Debug */ = {
			isa = XCBuildConfiguration;
			buildSettings = {
				BUNDLE_LOADER = "$(TEST_HOST)";
				CODE_SIGN_STYLE = Automatic;
				CURRENT_PROJECT_VERSION = 1;
				DEAD_CODE_STRIPPING = YES;
				DEVELOPMENT_TEAM = WGF76DKK38;
				GENERATE_INFOPLIST_FILE = YES;
				IPHONEOS_DEPLOYMENT_TARGET = 26.2;
				MACOSX_DEPLOYMENT_TARGET = 26.2;
				MARKETING_VERSION = 1.0;
				PRODUCT_BUNDLE_IDENTIFIER = amine.dev.qiblaTests;
				PRODUCT_NAME = "$(TARGET_NAME)";
				SDKROOT = auto;
				STRING_CATALOG_GENERATE_SYMBOLS = NO;
				SUPPORTED_PLATFORMS = "iphoneos iphonesimulator macosx xros xrsimulator";
				SWIFT_APPROACHABLE_CONCURRENCY = YES;
				SWIFT_EMIT_LOC_STRINGS = NO;
				SWIFT_UPCOMING_FEATURE_MEMBER_IMPORT_VISIBILITY = YES;
				SWIFT_VERSION = 5.0;
				TARGETED_DEVICE_FAMILY = "1,2,7";
				TEST_HOST = "$(BUILT_PRODUCTS_DIR)/qibla.app/$(BUNDLE_EXECUTABLE_FOLDER_PATH)/qibla";
				XROS_DEPLOYMENT_TARGET = 26.2;
			};
			name = Debug;
		};
		67CD5EFF2EFEFF340007A6F8 /* Release */ = {
			isa = XCBuildConfiguration;
			buildSettings = {
				BUNDLE_LOADER = "$(TEST_HOST)";
				CODE_SIGN_STYLE = Automatic;
				CURRENT_PROJECT_VERSION = 1;
				DEAD_CODE_STRIPPING = YES;
				DEVELOPMENT_TEAM = WGF76DKK38;
				GENERATE_INFOPLIST_FILE = YES;
				IPHONEOS_DEPLOYMENT_TARGET = 26.2;
				MACOSX_DEPLOYMENT_TARGET = 26.2;
				MARKETING_VERSION = 1.0;
				PRODUCT_BUNDLE_IDENTIFIER = amine.dev.qiblaTests;
				PRODUCT_NAME = "$(TARGET_NAME)";
				SDKROOT = auto;
				STRING_CATALOG_GENERATE_SYMBOLS = NO;
				SUPPORTED_PLATFORMS = "iphoneos iphonesimulator macosx xros xrsimulator";
				SWIFT_APPROACHABLE_CONCURRENCY = YES;
				SWIFT_EMIT_LOC_STRINGS = NO;
				SWIFT_UPCOMING_FEATURE_MEMBER_IMPORT_VISIBILITY = YES;
				SWIFT_VERSION = 5.0;
				TARGETED_DEVICE_FAMILY = "1,2,7";
				TEST_HOST = "$(BUILT_PRODUCTS_DIR)/qibla.app/$(BUNDLE_EXECUTABLE_FOLDER_PATH)/qibla";
				XROS_DEPLOYMENT_TARGET = 26.2;
			};
			name = Release;
		};
		67CD5F012EFEFF340007A6F8 /* Debug */ = {
			isa = XCBuildConfiguration;
			buildSettings = {
				CODE_SIGN_STYLE = Automatic;
				CURRENT_PROJECT_VERSION = 1;
				DEAD_CODE_STRIPPING = YES;
				DEVELOPMENT_TEAM = WGF76DKK38;
				GENERATE_INFOPLIST_FILE = YES;
				IPHONEOS_DEPLOYMENT_TARGET = 26.2;
				MACOSX_DEPLOYMENT_TARGET = 26.2;
				MARKETING_VERSION = 1.0;
				PRODUCT_BUNDLE_IDENTIFIER = amine.dev.qiblaUITests;
				PRODUCT_NAME = "$(TARGET_NAME)";
				SDKROOT = auto;
				STRING_CATALOG_GENERATE_SYMBOLS = NO;
				SUPPORTED_PLATFORMS = "iphoneos iphonesimulator macosx xros xrsimulator";
				SWIFT_APPROACHABLE_CONCURRENCY = YES;
				SWIFT_EMIT_LOC_STRINGS = NO;
				SWIFT_UPCOMING_FEATURE_MEMBER_IMPORT_VISIBILITY = YES;
				SWIFT_VERSION = 5.0;
				TARGETED_DEVICE_FAMILY = "1,2,7";
				TEST_TARGET_NAME = qibla;
				XROS_DEPLOYMENT_TARGET = 26.2;
			};
			name = Debug;
		};
		67CD5F022EFEFF340007A6F8 /* Release */ = {
			isa = XCBuildConfiguration;
			buildSettings = {
				CODE_SIGN_STYLE = Automatic;
				CURRENT_PROJECT_VERSION = 1;
				DEAD_CODE_STRIPPING = YES;
				DEVELOPMENT_TEAM = WGF76DKK38;
				GENERATE_INFOPLIST_FILE = YES;
				IPHONEOS_DEPLOYMENT_TARGET = 26.2;
				MACOSX_DEPLOYMENT_TARGET = 26.2;
				MARKETING_VERSION = 1.0;
				PRODUCT_BUNDLE_IDENTIFIER = amine.dev.qiblaUITests;
				PRODUCT_NAME = "$(TARGET_NAME)";
				SDKROOT = auto;
				STRING_CATALOG_GENERATE_SYMBOLS = NO;
				SUPPORTED_PLATFORMS = "iphoneos iphonesimulator macosx xros xrsimulator";
				SWIFT_APPROACHABLE_CONCURRENCY = YES;
				SWIFT_EMIT_LOC_STRINGS = NO;
				SWIFT_UPCOMING_FEATURE_MEMBER_IMPORT_VISIBILITY = YES;
				SWIFT_VERSION = 5.0;
				TARGETED_DEVICE_FAMILY = "1,2,7";
				TEST_TARGET_NAME = qibla;
				XROS_DEPLOYMENT_TARGET = 26.2;
			};
			name = Release;
		};
/* End XCBuildConfiguration section */

/* Begin XCConfigurationList section */
		67CD5ED22EFEFF320007A6F8 /* Build configuration list for PBXProject "qibla" */ = {
			isa = XCConfigurationList;
			buildConfigurations = (
				67CD5EF82EFEFF340007A6F8 /* Debug */,
				67CD5EF92EFEFF340007A6F8 /* Release */,
			);
			defaultConfigurationIsVisible = 0;
			defaultConfigurationName = Release;
		};
		67CD5EFA2EFEFF340007A6F8 /* Build configuration list for PBXNativeTarget "qibla" */ = {
			isa = XCConfigurationList;
			buildConfigurations = (
				67CD5EFB2EFEFF340007A6F8 /* Debug */,
				67CD5EFC2EFEFF340007A6F8 /* Release */,
			);
			defaultConfigurationIsVisible = 0;
			defaultConfigurationName = Release;
		};
		67CD5EFD2EFEFF340007A6F8 /* Build configuration list for PBXNativeTarget "qiblaTests" */ = {
			isa = XCConfigurationList;
			buildConfigurations = (
				67CD5EFE2EFEFF340007A6F8 /* Debug */,
				67CD5EFF2EFEFF340007A6F8 /* Release */,
			);
			defaultConfigurationIsVisible = 0;
			defaultConfigurationName = Release;
		};
		67CD5F002EFEFF340007A6F8 /* Build configuration list for PBXNativeTarget "qiblaUITests" */ = {
			isa = XCConfigurationList;
			buildConfigurations = (
				67CD5F012EFEFF340007A6F8 /* Debug */,
				67CD5F022EFEFF340007A6F8 /* Release */,
			);
			defaultConfigurationIsVisible = 0;
			defaultConfigurationName = Release;
		};
/* End XCConfigurationList section */
	};
	rootObject = 67CD5ECF2EFEFF320007A6F8 /* Project object */;
}
